
Microsoft Visual Studio Solution File, Format Version 12.00
# Visual Studio Version 16
VisualStudioVersion = 16.0.31605.320
MinimumVisualStudioVersion = 10.0.40219.1
Project("{8BC9CEB8-8B4A-11D0-8D11-00A0C91BC942}") = "12-27test1", "12-27test1\12-27test1.vcxproj", "{CE9D3BF9-D819-40BD-AFD4-DF8E7BF07893}"
EndProject
Global
	GlobalSection(SolutionConfigurationPlatforms) = preSolution
		Debug|x64 = Debug|x64
		Debug|x86 = Debug|x86
		Release|x64 = Release|x64
		Release|x86 = Release|x86
	EndGlobalSection
	GlobalSection(ProjectConfigurationPlatforms) = postSolution
		{CE9D3BF9-D819-40BD-AFD4-DF8E7BF07893}.Debug|x64.ActiveCfg = Debug|x64
		{CE9D3BF9-D819-40BD-AFD4-DF8E7BF07893}.Debug|x64.Build.0 = Debug|x64
		{CE9D3BF9-D819-40BD-AFD4-DF8E7BF07893}.Debug|x86.ActiveCfg = Debug|Win32
		{CE9D3BF9-D819-40BD-AFD4-DF8E7BF07893}.Debug|x86.Build.0 = Debug|Win32
		{CE9D3BF9-D819-40BD-AFD4-DF8E7BF07893}.Release|x64.ActiveCfg = Release|x64
		{CE9D3BF9-D819-40BD-AFD4-DF8E7BF07893}.Release|x64.Build.0 = Release|x64
		{CE9D3BF9-D819-40BD-AFD4-DF8E7BF07893}.Release|x86.ActiveCfg = Release|Win32
		{CE9D3BF9-D819-40BD-AFD4-DF8E7BF07893}.Release|x86.Build.0 = Release|Win32
	EndGlobalSection
	GlobalSection(SolutionProperties) = preSolution
		HideSolutionNode = FALSE
	EndGlobalSection
	GlobalSection(ExtensibilityGlobals) = postSolution
		SolutionGuid = {3D1A9795-A556-473B-AB33-1CE779B8815C}
	EndGlobalSection
EndGlobal
