
Microsoft Visual Studio Solution File, Format Version 12.00
# Visual Studio Version 16
VisualStudioVersion = 16.0.31605.320
MinimumVisualStudioVersion = 10.0.40219.1
Project("{8BC9CEB8-8B4A-11D0-8D11-00A0C91BC942}") = "11-2test1", "11-2test1\11-2test1.vcxproj", "{A2178C76-7F9A-4FAB-96E9-AB99738211DD}"
EndProject
Global
	GlobalSection(SolutionConfigurationPlatforms) = preSolution
		Debug|x64 = Debug|x64
		Debug|x86 = Debug|x86
		Release|x64 = Release|x64
		Release|x86 = Release|x86
	EndGlobalSection
	GlobalSection(ProjectConfigurationPlatforms) = postSolution
		{A2178C76-7F9A-4FAB-96E9-AB99738211DD}.Debug|x64.ActiveCfg = Debug|x64
		{A2178C76-7F9A-4FAB-96E9-AB99738211DD}.Debug|x64.Build.0 = Debug|x64
		{A2178C76-7F9A-4FAB-96E9-AB99738211DD}.Debug|x86.ActiveCfg = Debug|Win32
		{A2178C76-7F9A-4FAB-96E9-AB99738211DD}.Debug|x86.Build.0 = Debug|Win32
		{A2178C76-7F9A-4FAB-96E9-AB99738211DD}.Release|x64.ActiveCfg = Release|x64
		{A2178C76-7F9A-4FAB-96E9-AB99738211DD}.Release|x64.Build.0 = Release|x64
		{A2178C76-7F9A-4FAB-96E9-AB99738211DD}.Release|x86.ActiveCfg = Release|Win32
		{A2178C76-7F9A-4FAB-96E9-AB99738211DD}.Release|x86.Build.0 = Release|Win32
	EndGlobalSection
	GlobalSection(SolutionProperties) = preSolution
		HideSolutionNode = FALSE
	EndGlobalSection
	GlobalSection(ExtensibilityGlobals) = postSolution
		SolutionGuid = {35993811-FC8F-4D25-AB9E-628561B9EB4E}
	EndGlobalSection
EndGlobal
