
Microsoft Visual Studio Solution File, Format Version 12.00
# Visual Studio Version 16
VisualStudioVersion = 16.0.31605.320
MinimumVisualStudioVersion = 10.0.40219.1
Project("{8BC9CEB8-8B4A-11D0-8D11-00A0C91BC942}") = "2-2test1", "2-2test1\2-2test1.vcxproj", "{552A6FD8-72E7-4DCF-94B1-AB0C761A5E56}"
EndProject
Global
	GlobalSection(SolutionConfigurationPlatforms) = preSolution
		Debug|x64 = Debug|x64
		Debug|x86 = Debug|x86
		Release|x64 = Release|x64
		Release|x86 = Release|x86
	EndGlobalSection
	GlobalSection(ProjectConfigurationPlatforms) = postSolution
		{552A6FD8-72E7-4DCF-94B1-AB0C761A5E56}.Debug|x64.ActiveCfg = Debug|x64
		{552A6FD8-72E7-4DCF-94B1-AB0C761A5E56}.Debug|x64.Build.0 = Debug|x64
		{552A6FD8-72E7-4DCF-94B1-AB0C761A5E56}.Debug|x86.ActiveCfg = Debug|Win32
		{552A6FD8-72E7-4DCF-94B1-AB0C761A5E56}.Debug|x86.Build.0 = Debug|Win32
		{552A6FD8-72E7-4DCF-94B1-AB0C761A5E56}.Release|x64.ActiveCfg = Release|x64
		{552A6FD8-72E7-4DCF-94B1-AB0C761A5E56}.Release|x64.Build.0 = Release|x64
		{552A6FD8-72E7-4DCF-94B1-AB0C761A5E56}.Release|x86.ActiveCfg = Release|Win32
		{552A6FD8-72E7-4DCF-94B1-AB0C761A5E56}.Release|x86.Build.0 = Release|Win32
	EndGlobalSection
	GlobalSection(SolutionProperties) = preSolution
		HideSolutionNode = FALSE
	EndGlobalSection
	GlobalSection(ExtensibilityGlobals) = postSolution
		SolutionGuid = {CA281B3E-239C-48EF-B87E-976B8E5F833F}
	EndGlobalSection
EndGlobal
