
Microsoft Visual Studio Solution File, Format Version 12.00
# Visual Studio Version 16
VisualStudioVersion = 16.0.31605.320
MinimumVisualStudioVersion = 10.0.40219.1
Project("{8BC9CEB8-8B4A-11D0-8D11-00A0C91BC942}") = "11-20test2", "11-20test2\11-20test2.vcxproj", "{070DB7E0-EE6F-461E-B731-E8A248A6DDA3}"
EndProject
Global
	GlobalSection(SolutionConfigurationPlatforms) = preSolution
		Debug|x64 = Debug|x64
		Debug|x86 = Debug|x86
		Release|x64 = Release|x64
		Release|x86 = Release|x86
	EndGlobalSection
	GlobalSection(ProjectConfigurationPlatforms) = postSolution
		{070DB7E0-EE6F-461E-B731-E8A248A6DDA3}.Debug|x64.ActiveCfg = Debug|x64
		{070DB7E0-EE6F-461E-B731-E8A248A6DDA3}.Debug|x64.Build.0 = Debug|x64
		{070DB7E0-EE6F-461E-B731-E8A248A6DDA3}.Debug|x86.ActiveCfg = Debug|Win32
		{070DB7E0-EE6F-461E-B731-E8A248A6DDA3}.Debug|x86.Build.0 = Debug|Win32
		{070DB7E0-EE6F-461E-B731-E8A248A6DDA3}.Release|x64.ActiveCfg = Release|x64
		{070DB7E0-EE6F-461E-B731-E8A248A6DDA3}.Release|x64.Build.0 = Release|x64
		{070DB7E0-EE6F-461E-B731-E8A248A6DDA3}.Release|x86.ActiveCfg = Release|Win32
		{070DB7E0-EE6F-461E-B731-E8A248A6DDA3}.Release|x86.Build.0 = Release|Win32
	EndGlobalSection
	GlobalSection(SolutionProperties) = preSolution
		HideSolutionNode = FALSE
	EndGlobalSection
	GlobalSection(ExtensibilityGlobals) = postSolution
		SolutionGuid = {CE821050-21A3-4A8C-A382-72BD2653E815}
	EndGlobalSection
EndGlobal
