
Microsoft Visual Studio Solution File, Format Version 12.00
# Visual Studio Version 16
VisualStudioVersion = 16.0.31605.320
MinimumVisualStudioVersion = 10.0.40219.1
Project("{8BC9CEB8-8B4A-11D0-8D11-00A0C91BC942}") = "12.12test1", "12.12test1\12.12test1.vcxproj", "{7D3884F4-BAEF-4F0D-AD17-719F9E797473}"
EndProject
Global
	GlobalSection(SolutionConfigurationPlatforms) = preSolution
		Debug|x64 = Debug|x64
		Debug|x86 = Debug|x86
		Release|x64 = Release|x64
		Release|x86 = Release|x86
	EndGlobalSection
	GlobalSection(ProjectConfigurationPlatforms) = postSolution
		{7D3884F4-BAEF-4F0D-AD17-719F9E797473}.Debug|x64.ActiveCfg = Debug|x64
		{7D3884F4-BAEF-4F0D-AD17-719F9E797473}.Debug|x64.Build.0 = Debug|x64
		{7D3884F4-BAEF-4F0D-AD17-719F9E797473}.Debug|x86.ActiveCfg = Debug|Win32
		{7D3884F4-BAEF-4F0D-AD17-719F9E797473}.Debug|x86.Build.0 = Debug|Win32
		{7D3884F4-BAEF-4F0D-AD17-719F9E797473}.Release|x64.ActiveCfg = Release|x64
		{7D3884F4-BAEF-4F0D-AD17-719F9E797473}.Release|x64.Build.0 = Release|x64
		{7D3884F4-BAEF-4F0D-AD17-719F9E797473}.Release|x86.ActiveCfg = Release|Win32
		{7D3884F4-BAEF-4F0D-AD17-719F9E797473}.Release|x86.Build.0 = Release|Win32
	EndGlobalSection
	GlobalSection(SolutionProperties) = preSolution
		HideSolutionNode = FALSE
	EndGlobalSection
	GlobalSection(ExtensibilityGlobals) = postSolution
		SolutionGuid = {39626EF6-01E6-457D-AA27-4F6EE5615170}
	EndGlobalSection
EndGlobal
