
Microsoft Visual Studio Solution File, Format Version 12.00
# Visual Studio Version 16
VisualStudioVersion = 16.0.31605.320
MinimumVisualStudioVersion = 10.0.40219.1
Project("{8BC9CEB8-8B4A-11D0-8D11-00A0C91BC942}") = "11-10test1", "11-10test1\11-10test1.vcxproj", "{41928586-142D-4FC3-8ACD-FAE2510EB417}"
EndProject
Global
	GlobalSection(SolutionConfigurationPlatforms) = preSolution
		Debug|x64 = Debug|x64
		Debug|x86 = Debug|x86
		Release|x64 = Release|x64
		Release|x86 = Release|x86
	EndGlobalSection
	GlobalSection(ProjectConfigurationPlatforms) = postSolution
		{41928586-142D-4FC3-8ACD-FAE2510EB417}.Debug|x64.ActiveCfg = Debug|x64
		{41928586-142D-4FC3-8ACD-FAE2510EB417}.Debug|x64.Build.0 = Debug|x64
		{41928586-142D-4FC3-8ACD-FAE2510EB417}.Debug|x86.ActiveCfg = Debug|Win32
		{41928586-142D-4FC3-8ACD-FAE2510EB417}.Debug|x86.Build.0 = Debug|Win32
		{41928586-142D-4FC3-8ACD-FAE2510EB417}.Release|x64.ActiveCfg = Release|x64
		{41928586-142D-4FC3-8ACD-FAE2510EB417}.Release|x64.Build.0 = Release|x64
		{41928586-142D-4FC3-8ACD-FAE2510EB417}.Release|x86.ActiveCfg = Release|Win32
		{41928586-142D-4FC3-8ACD-FAE2510EB417}.Release|x86.Build.0 = Release|Win32
	EndGlobalSection
	GlobalSection(SolutionProperties) = preSolution
		HideSolutionNode = FALSE
	EndGlobalSection
	GlobalSection(ExtensibilityGlobals) = postSolution
		SolutionGuid = {2D9046CF-00A1-4190-B336-88D3DEA5F618}
	EndGlobalSection
EndGlobal
