
Microsoft Visual Studio Solution File, Format Version 12.00
# Visual Studio Version 16
VisualStudioVersion = 16.0.31605.320
MinimumVisualStudioVersion = 10.0.40219.1
Project("{8BC9CEB8-8B4A-11D0-8D11-00A0C91BC942}") = "11-18test3", "11-18test3\11-18test3.vcxproj", "{ED6A865F-B9BE-408E-A848-E938E517624A}"
EndProject
Global
	GlobalSection(SolutionConfigurationPlatforms) = preSolution
		Debug|x64 = Debug|x64
		Debug|x86 = Debug|x86
		Release|x64 = Release|x64
		Release|x86 = Release|x86
	EndGlobalSection
	GlobalSection(ProjectConfigurationPlatforms) = postSolution
		{ED6A865F-B9BE-408E-A848-E938E517624A}.Debug|x64.ActiveCfg = Debug|x64
		{ED6A865F-B9BE-408E-A848-E938E517624A}.Debug|x64.Build.0 = Debug|x64
		{ED6A865F-B9BE-408E-A848-E938E517624A}.Debug|x86.ActiveCfg = Debug|Win32
		{ED6A865F-B9BE-408E-A848-E938E517624A}.Debug|x86.Build.0 = Debug|Win32
		{ED6A865F-B9BE-408E-A848-E938E517624A}.Release|x64.ActiveCfg = Release|x64
		{ED6A865F-B9BE-408E-A848-E938E517624A}.Release|x64.Build.0 = Release|x64
		{ED6A865F-B9BE-408E-A848-E938E517624A}.Release|x86.ActiveCfg = Release|Win32
		{ED6A865F-B9BE-408E-A848-E938E517624A}.Release|x86.Build.0 = Release|Win32
	EndGlobalSection
	GlobalSection(SolutionProperties) = preSolution
		HideSolutionNode = FALSE
	EndGlobalSection
	GlobalSection(ExtensibilityGlobals) = postSolution
		SolutionGuid = {B229F757-5B1D-4E69-B4E3-AAF1997235EC}
	EndGlobalSection
EndGlobal
