
Microsoft Visual Studio Solution File, Format Version 12.00
# Visual Studio Version 16
VisualStudioVersion = 16.0.31605.320
MinimumVisualStudioVersion = 10.0.40219.1
Project("{8BC9CEB8-8B4A-11D0-8D11-00A0C91BC942}") = "11-11test2", "11-11test2\11-11test2.vcxproj", "{56DDEE73-F968-467A-9B9C-5D822D7408CC}"
EndProject
Global
	GlobalSection(SolutionConfigurationPlatforms) = preSolution
		Debug|x64 = Debug|x64
		Debug|x86 = Debug|x86
		Release|x64 = Release|x64
		Release|x86 = Release|x86
	EndGlobalSection
	GlobalSection(ProjectConfigurationPlatforms) = postSolution
		{56DDEE73-F968-467A-9B9C-5D822D7408CC}.Debug|x64.ActiveCfg = Debug|x64
		{56DDEE73-F968-467A-9B9C-5D822D7408CC}.Debug|x64.Build.0 = Debug|x64
		{56DDEE73-F968-467A-9B9C-5D822D7408CC}.Debug|x86.ActiveCfg = Debug|Win32
		{56DDEE73-F968-467A-9B9C-5D822D7408CC}.Debug|x86.Build.0 = Debug|Win32
		{56DDEE73-F968-467A-9B9C-5D822D7408CC}.Release|x64.ActiveCfg = Release|x64
		{56DDEE73-F968-467A-9B9C-5D822D7408CC}.Release|x64.Build.0 = Release|x64
		{56DDEE73-F968-467A-9B9C-5D822D7408CC}.Release|x86.ActiveCfg = Release|Win32
		{56DDEE73-F968-467A-9B9C-5D822D7408CC}.Release|x86.Build.0 = Release|Win32
	EndGlobalSection
	GlobalSection(SolutionProperties) = preSolution
		HideSolutionNode = FALSE
	EndGlobalSection
	GlobalSection(ExtensibilityGlobals) = postSolution
		SolutionGuid = {13FA8FFC-2B3E-4129-8387-B8E0020603C0}
	EndGlobalSection
EndGlobal
