
Microsoft Visual Studio Solution File, Format Version 12.00
# Visual Studio Version 16
VisualStudioVersion = 16.0.31605.320
MinimumVisualStudioVersion = 10.0.40219.1
Project("{8BC9CEB8-8B4A-11D0-8D11-00A0C91BC942}") = "test2-8-25", "test2-8-25\test2-8-25.vcxproj", "{73ACA323-2C7F-4BF5-A495-CC6B1B50822A}"
EndProject
Global
	GlobalSection(SolutionConfigurationPlatforms) = preSolution
		Debug|x64 = Debug|x64
		Debug|x86 = Debug|x86
		Release|x64 = Release|x64
		Release|x86 = Release|x86
	EndGlobalSection
	GlobalSection(ProjectConfigurationPlatforms) = postSolution
		{73ACA323-2C7F-4BF5-A495-CC6B1B50822A}.Debug|x64.ActiveCfg = Debug|x64
		{73ACA323-2C7F-4BF5-A495-CC6B1B50822A}.Debug|x64.Build.0 = Debug|x64
		{73ACA323-2C7F-4BF5-A495-CC6B1B50822A}.Debug|x86.ActiveCfg = Debug|Win32
		{73ACA323-2C7F-4BF5-A495-CC6B1B50822A}.Debug|x86.Build.0 = Debug|Win32
		{73ACA323-2C7F-4BF5-A495-CC6B1B50822A}.Release|x64.ActiveCfg = Release|x64
		{73ACA323-2C7F-4BF5-A495-CC6B1B50822A}.Release|x64.Build.0 = Release|x64
		{73ACA323-2C7F-4BF5-A495-CC6B1B50822A}.Release|x86.ActiveCfg = Release|Win32
		{73ACA323-2C7F-4BF5-A495-CC6B1B50822A}.Release|x86.Build.0 = Release|Win32
	EndGlobalSection
	GlobalSection(SolutionProperties) = preSolution
		HideSolutionNode = FALSE
	EndGlobalSection
	GlobalSection(ExtensibilityGlobals) = postSolution
		SolutionGuid = {A072FD88-D1B0-4AB7-9D64-8C110863AB97}
	EndGlobalSection
EndGlobal
