
Microsoft Visual Studio Solution File, Format Version 12.00
# Visual Studio Version 16
VisualStudioVersion = 16.0.31605.320
MinimumVisualStudioVersion = 10.0.40219.1
Project("{8BC9CEB8-8B4A-11D0-8D11-00A0C91BC942}") = "10-14test1", "10-14test1\10-14test1.vcxproj", "{D22723BC-2FDD-4C63-A334-4D07784BF328}"
EndProject
Global
	GlobalSection(SolutionConfigurationPlatforms) = preSolution
		Debug|x64 = Debug|x64
		Debug|x86 = Debug|x86
		Release|x64 = Release|x64
		Release|x86 = Release|x86
	EndGlobalSection
	GlobalSection(ProjectConfigurationPlatforms) = postSolution
		{D22723BC-2FDD-4C63-A334-4D07784BF328}.Debug|x64.ActiveCfg = Debug|x64
		{D22723BC-2FDD-4C63-A334-4D07784BF328}.Debug|x64.Build.0 = Debug|x64
		{D22723BC-2FDD-4C63-A334-4D07784BF328}.Debug|x86.ActiveCfg = Debug|Win32
		{D22723BC-2FDD-4C63-A334-4D07784BF328}.Debug|x86.Build.0 = Debug|Win32
		{D22723BC-2FDD-4C63-A334-4D07784BF328}.Release|x64.ActiveCfg = Release|x64
		{D22723BC-2FDD-4C63-A334-4D07784BF328}.Release|x64.Build.0 = Release|x64
		{D22723BC-2FDD-4C63-A334-4D07784BF328}.Release|x86.ActiveCfg = Release|Win32
		{D22723BC-2FDD-4C63-A334-4D07784BF328}.Release|x86.Build.0 = Release|Win32
	EndGlobalSection
	GlobalSection(SolutionProperties) = preSolution
		HideSolutionNode = FALSE
	EndGlobalSection
	GlobalSection(ExtensibilityGlobals) = postSolution
		SolutionGuid = {195C3B34-F956-48BE-B95F-B13B0C05C8DD}
	EndGlobalSection
EndGlobal
