
Microsoft Visual Studio Solution File, Format Version 12.00
# Visual Studio Version 16
VisualStudioVersion = 16.0.31605.320
MinimumVisualStudioVersion = 10.0.40219.1
Project("{8BC9CEB8-8B4A-11D0-8D11-00A0C91BC942}") = "11-26test6", "11-26test6\11-26test6.vcxproj", "{0C4318D1-F3F3-4050-9833-44261F5CD2CE}"
EndProject
Global
	GlobalSection(SolutionConfigurationPlatforms) = preSolution
		Debug|x64 = Debug|x64
		Debug|x86 = Debug|x86
		Release|x64 = Release|x64
		Release|x86 = Release|x86
	EndGlobalSection
	GlobalSection(ProjectConfigurationPlatforms) = postSolution
		{0C4318D1-F3F3-4050-9833-44261F5CD2CE}.Debug|x64.ActiveCfg = Debug|x64
		{0C4318D1-F3F3-4050-9833-44261F5CD2CE}.Debug|x64.Build.0 = Debug|x64
		{0C4318D1-F3F3-4050-9833-44261F5CD2CE}.Debug|x86.ActiveCfg = Debug|Win32
		{0C4318D1-F3F3-4050-9833-44261F5CD2CE}.Debug|x86.Build.0 = Debug|Win32
		{0C4318D1-F3F3-4050-9833-44261F5CD2CE}.Release|x64.ActiveCfg = Release|x64
		{0C4318D1-F3F3-4050-9833-44261F5CD2CE}.Release|x64.Build.0 = Release|x64
		{0C4318D1-F3F3-4050-9833-44261F5CD2CE}.Release|x86.ActiveCfg = Release|Win32
		{0C4318D1-F3F3-4050-9833-44261F5CD2CE}.Release|x86.Build.0 = Release|Win32
	EndGlobalSection
	GlobalSection(SolutionProperties) = preSolution
		HideSolutionNode = FALSE
	EndGlobalSection
	GlobalSection(ExtensibilityGlobals) = postSolution
		SolutionGuid = {BA6F4327-ED23-4018-940F-7151DF8D5201}
	EndGlobalSection
EndGlobal
