
Microsoft Visual Studio Solution File, Format Version 12.00
# Visual Studio Version 16
VisualStudioVersion = 16.0.31605.320
MinimumVisualStudioVersion = 10.0.40219.1
Project("{8BC9CEB8-8B4A-11D0-8D11-00A0C91BC942}") = "10-21test1", "10-21test1\10-21test1.vcxproj", "{75CA2BFF-6284-48BC-BB66-13EA1C3F5DE8}"
EndProject
Global
	GlobalSection(SolutionConfigurationPlatforms) = preSolution
		Debug|x64 = Debug|x64
		Debug|x86 = Debug|x86
		Release|x64 = Release|x64
		Release|x86 = Release|x86
	EndGlobalSection
	GlobalSection(ProjectConfigurationPlatforms) = postSolution
		{75CA2BFF-6284-48BC-BB66-13EA1C3F5DE8}.Debug|x64.ActiveCfg = Debug|x64
		{75CA2BFF-6284-48BC-BB66-13EA1C3F5DE8}.Debug|x64.Build.0 = Debug|x64
		{75CA2BFF-6284-48BC-BB66-13EA1C3F5DE8}.Debug|x86.ActiveCfg = Debug|Win32
		{75CA2BFF-6284-48BC-BB66-13EA1C3F5DE8}.Debug|x86.Build.0 = Debug|Win32
		{75CA2BFF-6284-48BC-BB66-13EA1C3F5DE8}.Release|x64.ActiveCfg = Release|x64
		{75CA2BFF-6284-48BC-BB66-13EA1C3F5DE8}.Release|x64.Build.0 = Release|x64
		{75CA2BFF-6284-48BC-BB66-13EA1C3F5DE8}.Release|x86.ActiveCfg = Release|Win32
		{75CA2BFF-6284-48BC-BB66-13EA1C3F5DE8}.Release|x86.Build.0 = Release|Win32
	EndGlobalSection
	GlobalSection(SolutionProperties) = preSolution
		HideSolutionNode = FALSE
	EndGlobalSection
	GlobalSection(ExtensibilityGlobals) = postSolution
		SolutionGuid = {4BB9F807-D700-4491-9992-BF7237B29904}
	EndGlobalSection
EndGlobal
