
Microsoft Visual Studio Solution File, Format Version 12.00
# Visual Studio Version 16
VisualStudioVersion = 16.0.31605.320
MinimumVisualStudioVersion = 10.0.40219.1
Project("{8BC9CEB8-8B4A-11D0-8D11-00A0C91BC942}") = "12-29test1", "12-29test1\12-29test1.vcxproj", "{759A646E-7BFB-4007-A733-1CB8BE9E9CC5}"
EndProject
Global
	GlobalSection(SolutionConfigurationPlatforms) = preSolution
		Debug|x64 = Debug|x64
		Debug|x86 = Debug|x86
		Release|x64 = Release|x64
		Release|x86 = Release|x86
	EndGlobalSection
	GlobalSection(ProjectConfigurationPlatforms) = postSolution
		{759A646E-7BFB-4007-A733-1CB8BE9E9CC5}.Debug|x64.ActiveCfg = Debug|x64
		{759A646E-7BFB-4007-A733-1CB8BE9E9CC5}.Debug|x64.Build.0 = Debug|x64
		{759A646E-7BFB-4007-A733-1CB8BE9E9CC5}.Debug|x86.ActiveCfg = Debug|Win32
		{759A646E-7BFB-4007-A733-1CB8BE9E9CC5}.Debug|x86.Build.0 = Debug|Win32
		{759A646E-7BFB-4007-A733-1CB8BE9E9CC5}.Release|x64.ActiveCfg = Release|x64
		{759A646E-7BFB-4007-A733-1CB8BE9E9CC5}.Release|x64.Build.0 = Release|x64
		{759A646E-7BFB-4007-A733-1CB8BE9E9CC5}.Release|x86.ActiveCfg = Release|Win32
		{759A646E-7BFB-4007-A733-1CB8BE9E9CC5}.Release|x86.Build.0 = Release|Win32
	EndGlobalSection
	GlobalSection(SolutionProperties) = preSolution
		HideSolutionNode = FALSE
	EndGlobalSection
	GlobalSection(ExtensibilityGlobals) = postSolution
		SolutionGuid = {F2D4E597-8279-4395-ADF4-5D99D6795B02}
	EndGlobalSection
EndGlobal
